
Microsoft Visual Studio Solution File, Format Version 12.00
# Visual Studio 15
VisualStudioVersion = 15.0.27703.2018
MinimumVisualStudioVersion = 10.0.40219.1
Project("{FAE04EC0-301F-11D3-BF4B-00C04F79EFBC}") = "AntorchaReaderWeb", "AntorchaReaderWeb\AntorchaReaderWeb.csproj", "{31DFA897-9CB4-4F4C-9D6C-A16D9EF18B80}"
EndProject
Global
	GlobalSection(SolutionConfigurationPlatforms) = preSolution
		Debug|Any CPU = Debug|Any CPU
		Release|Any CPU = Release|Any CPU
	EndGlobalSection
	GlobalSection(ProjectConfigurationPlatforms) = postSolution
		{31DFA897-9CB4-4F4C-9D6C-A16D9EF18B80}.Debug|Any CPU.ActiveCfg = Debug|Any CPU
		{31DFA897-9CB4-4F4C-9D6C-A16D9EF18B80}.Debug|Any CPU.Build.0 = Debug|Any CPU
		{31DFA897-9CB4-4F4C-9D6C-A16D9EF18B80}.Release|Any CPU.ActiveCfg = Release|Any CPU
		{31DFA897-9CB4-4F4C-9D6C-A16D9EF18B80}.Release|Any CPU.Build.0 = Release|Any CPU
	EndGlobalSection
	GlobalSection(SolutionProperties) = preSolution
		HideSolutionNode = FALSE
	EndGlobalSection
	GlobalSection(ExtensibilityGlobals) = postSolution
		SolutionGuid = {D4A24C3A-3724-4955-BD7F-360538B9CA6B}
	EndGlobalSection
EndGlobal
